// !$*UTF8*$!
{
	archiveVersion = 1;
	classes = {
	};
	objectVersion = 46;
	objects = {

/* Begin PBXBuildFile section */
		971B608017D61EFE00576FFA /* Foundation.framework in Frameworks */ = {isa = PBXBuildFile; fileRef = 974BF7811795A68300391886 /* Foundation.framework */; };
		971B608517D61EFE00576FFA /* DPControllers.h in CopyFiles */ = {isa = PBXBuildFile; fileRef = 971B608417D61EFE00576FFA /* DPControllers.h */; };
		971B608E17D61F4200576FFA /* NSString+UI.m in Sources */ = {isa = PBXBuildFile; fileRef = 971B606217D61CD700576FFA /* NSString+UI.m */; };
		971B609017D61F4200576FFA /* UIColor+GradientOffset.m in Sources */ = {isa = PBXBuildFile; fileRef = 971B606417D61CD700576FFA /* UIColor+GradientOffset.m */; };
		971B609217D61F4200576FFA /* DPSwipeViewController.m in Sources */ = {isa = PBXBuildFile; fileRef = 971B606717D61CD700576FFA /* DPSwipeViewController.m */; };
		971B609317D61F4F00576FFA /* DPNiftyProgressBar.m in Sources */ = {isa = PBXBuildFile; fileRef = 971B606E17D61CD700576FFA /* DPNiftyProgressBar.m */; };
		971B609417D61F4F00576FFA /* DPScrollableView.m in Sources */ = {isa = PBXBuildFile; fileRef = 971B607017D61CD700576FFA /* DPScrollableView.m */; };
		971B609517D61F4F00576FFA /* DPScrollableViewCell.m in Sources */ = {isa = PBXBuildFile; fileRef = 971B607217D61CD700576FFA /* DPScrollableViewCell.m */; };
		971B609617D61FA600576FFA /* UIKit.framework in Frameworks */ = {isa = PBXBuildFile; fileRef = 974BF77F1795A68300391886 /* UIKit.framework */; };
		971B609817D61FAF00576FFA /* QuartzCore.framework in Frameworks */ = {isa = PBXBuildFile; fileRef = 971B609717D61FAF00576FFA /* QuartzCore.framework */; };
		971B609917D61FC400576FFA /* CoreGraphics.framework in Frameworks */ = {isa = PBXBuildFile; fileRef = 974BF7831795A68300391886 /* CoreGraphics.framework */; };
		971B609A17D6220D00576FFA /* NSString+UI.h in CopyFiles */ = {isa = PBXBuildFile; fileRef = 971B606117D61CD700576FFA /* NSString+UI.h */; };
		971B609B17D6220D00576FFA /* UIColor+GradientOffset.h in CopyFiles */ = {isa = PBXBuildFile; fileRef = 971B606317D61CD700576FFA /* UIColor+GradientOffset.h */; };
		971B609C17D6220D00576FFA /* DPSwipeViewController.h in CopyFiles */ = {isa = PBXBuildFile; fileRef = 971B606617D61CD700576FFA /* DPSwipeViewController.h */; };
		971B609D17D6220D00576FFA /* DPNiftyProgressBar.h in CopyFiles */ = {isa = PBXBuildFile; fileRef = 971B606D17D61CD700576FFA /* DPNiftyProgressBar.h */; };
		971B609E17D6220D00576FFA /* DPScrollableView.h in CopyFiles */ = {isa = PBXBuildFile; fileRef = 971B606F17D61CD700576FFA /* DPScrollableView.h */; };
		971B609F17D6220D00576FFA /* DPScrollableViewCell.h in CopyFiles */ = {isa = PBXBuildFile; fileRef = 971B607117D61CD700576FFA /* DPScrollableViewCell.h */; };
		971B60A217D6229900576FFA /* libDPControllers.a in Frameworks */ = {isa = PBXBuildFile; fileRef = 971B607F17D61EFD00576FFA /* libDPControllers.a */; };
		971B60B317D6244B00576FFA /* Default-568h@2x.png in Resources */ = {isa = PBXBuildFile; fileRef = 971B60AA17D6244B00576FFA /* Default-568h@2x.png */; };
		971B60B417D6244B00576FFA /* Default.png in Resources */ = {isa = PBXBuildFile; fileRef = 971B60AB17D6244B00576FFA /* Default.png */; };
		971B60B517D6244B00576FFA /* Default@2x.png in Resources */ = {isa = PBXBuildFile; fileRef = 971B60AC17D6244B00576FFA /* Default@2x.png */; };
		971B60B617D6244B00576FFA /* DPAppDelegate.m in Sources */ = {isa = PBXBuildFile; fileRef = 971B60AE17D6244B00576FFA /* DPAppDelegate.m */; };
		971B60B717D6244B00576FFA /* DPContentViewController.m in Sources */ = {isa = PBXBuildFile; fileRef = 971B60B017D6244B00576FFA /* DPContentViewController.m */; };
		971B60B817D6244B00576FFA /* DPContentViewController.xib in Resources */ = {isa = PBXBuildFile; fileRef = 971B60B117D6244B00576FFA /* DPContentViewController.xib */; };
		971B60B917D6244B00576FFA /* DPControllersExample-Info.plist in Resources */ = {isa = PBXBuildFile; fileRef = 971B60B217D6244B00576FFA /* DPControllersExample-Info.plist */; };
		974BF7801795A68300391886 /* UIKit.framework in Frameworks */ = {isa = PBXBuildFile; fileRef = 974BF77F1795A68300391886 /* UIKit.framework */; };
		974BF7821795A68300391886 /* Foundation.framework in Frameworks */ = {isa = PBXBuildFile; fileRef = 974BF7811795A68300391886 /* Foundation.framework */; };
		974BF7841795A68300391886 /* CoreGraphics.framework in Frameworks */ = {isa = PBXBuildFile; fileRef = 974BF7831795A68300391886 /* CoreGraphics.framework */; };
		974BF78A1795A68300391886 /* InfoPlist.strings in Resources */ = {isa = PBXBuildFile; fileRef = 974BF7881795A68300391886 /* InfoPlist.strings */; };
		97AA754F179D8E5C00AFC87E /* main.m in Sources */ = {isa = PBXBuildFile; fileRef = 97AA754E179D8E5C00AFC87E /* main.m */; };
/* End PBXBuildFile section */

/* Begin PBXContainerItemProxy section */
		971B60A017D6228C00576FFA /* PBXContainerItemProxy */ = {
			isa = PBXContainerItemProxy;
			containerPortal = 974BF7741795A68300391886 /* Project object */;
			proxyType = 1;
			remoteGlobalIDString = 971B607E17D61EFD00576FFA;
			remoteInfo = DPControllers;
		};
/* End PBXContainerItemProxy section */

/* Begin PBXCopyFilesBuildPhase section */
		971B607D17D61EFD00576FFA /* CopyFiles */ = {
			isa = PBXCopyFilesBuildPhase;
			buildActionMask = 2147483647;
			dstPath = "include/${PRODUCT_NAME}";
			dstSubfolderSpec = 16;
			files = (
				971B609A17D6220D00576FFA /* NSString+UI.h in CopyFiles */,
				971B609B17D6220D00576FFA /* UIColor+GradientOffset.h in CopyFiles */,
				971B609C17D6220D00576FFA /* DPSwipeViewController.h in CopyFiles */,
				971B609D17D6220D00576FFA /* DPNiftyProgressBar.h in CopyFiles */,
				971B609E17D6220D00576FFA /* DPScrollableView.h in CopyFiles */,
				971B609F17D6220D00576FFA /* DPScrollableViewCell.h in CopyFiles */,
				971B608517D61EFE00576FFA /* DPControllers.h in CopyFiles */,
			);
			runOnlyForDeploymentPostprocessing = 0;
		};
/* End PBXCopyFilesBuildPhase section */

/* Begin PBXFileReference section */
		971B605C17D61ACD00576FFA /* DPControllers.podspec */ = {isa = PBXFileReference; fileEncoding = 4; lastKnownFileType = text; path = DPControllers.podspec; sourceTree = "<group>"; };
		971B605E17D61BAF00576FFA /* README.md */ = {isa = PBXFileReference; fileEncoding = 4; lastKnownFileType = text; path = README.md; sourceTree = "<group>"; };
		971B606117D61CD700576FFA /* NSString+UI.h */ = {isa = PBXFileReference; fileEncoding = 4; lastKnownFileType = sourcecode.c.h; path = "NSString+UI.h"; sourceTree = "<group>"; };
		971B606217D61CD700576FFA /* NSString+UI.m */ = {isa = PBXFileReference; fileEncoding = 4; lastKnownFileType = sourcecode.c.objc; path = "NSString+UI.m"; sourceTree = "<group>"; };
		971B606317D61CD700576FFA /* UIColor+GradientOffset.h */ = {isa = PBXFileReference; fileEncoding = 4; lastKnownFileType = sourcecode.c.h; path = "UIColor+GradientOffset.h"; sourceTree = "<group>"; };
		971B606417D61CD700576FFA /* UIColor+GradientOffset.m */ = {isa = PBXFileReference; fileEncoding = 4; lastKnownFileType = sourcecode.c.objc; path = "UIColor+GradientOffset.m"; sourceTree = "<group>"; };
		971B606617D61CD700576FFA /* DPSwipeViewController.h */ = {isa = PBXFileReference; fileEncoding = 4; lastKnownFileType = sourcecode.c.h; path = DPSwipeViewController.h; sourceTree = "<group>"; };
		971B606717D61CD700576FFA /* DPSwipeViewController.m */ = {isa = PBXFileReference; fileEncoding = 4; lastKnownFileType = sourcecode.c.objc; path = DPSwipeViewController.m; sourceTree = "<group>"; };
		971B606D17D61CD700576FFA /* DPNiftyProgressBar.h */ = {isa = PBXFileReference; fileEncoding = 4; lastKnownFileType = sourcecode.c.h; path = DPNiftyProgressBar.h; sourceTree = "<group>"; };
		971B606E17D61CD700576FFA /* DPNiftyProgressBar.m */ = {isa = PBXFileReference; fileEncoding = 4; lastKnownFileType = sourcecode.c.objc; path = DPNiftyProgressBar.m; sourceTree = "<group>"; };
		971B606F17D61CD700576FFA /* DPScrollableView.h */ = {isa = PBXFileReference; fileEncoding = 4; lastKnownFileType = sourcecode.c.h; path = DPScrollableView.h; sourceTree = "<group>"; };
		971B607017D61CD700576FFA /* DPScrollableView.m */ = {isa = PBXFileReference; fileEncoding = 4; lastKnownFileType = sourcecode.c.objc; path = DPScrollableView.m; sourceTree = "<group>"; };
		971B607117D61CD700576FFA /* DPScrollableViewCell.h */ = {isa = PBXFileReference; fileEncoding = 4; lastKnownFileType = sourcecode.c.h; path = DPScrollableViewCell.h; sourceTree = "<group>"; };
		971B607217D61CD700576FFA /* DPScrollableViewCell.m */ = {isa = PBXFileReference; fileEncoding = 4; lastKnownFileType = sourcecode.c.objc; path = DPScrollableViewCell.m; sourceTree = "<group>"; };
		971B607F17D61EFD00576FFA /* libDPControllers.a */ = {isa = PBXFileReference; explicitFileType = archive.ar; includeInIndex = 0; path = libDPControllers.a; sourceTree = BUILT_PRODUCTS_DIR; };
		971B608317D61EFE00576FFA /* DPControllers-Prefix.pch */ = {isa = PBXFileReference; lastKnownFileType = sourcecode.c.h; path = "DPControllers-Prefix.pch"; sourceTree = "<group>"; };
		971B608417D61EFE00576FFA /* DPControllers.h */ = {isa = PBXFileReference; lastKnownFileType = sourcecode.c.h; path = DPControllers.h; sourceTree = "<group>"; };
		971B609717D61FAF00576FFA /* QuartzCore.framework */ = {isa = PBXFileReference; lastKnownFileType = wrapper.framework; name = QuartzCore.framework; path = System/Library/Frameworks/QuartzCore.framework; sourceTree = SDKROOT; };
		971B60AA17D6244B00576FFA /* Default-568h@2x.png */ = {isa = PBXFileReference; lastKnownFileType = image.png; path = "Default-568h@2x.png"; sourceTree = "<group>"; };
		971B60AB17D6244B00576FFA /* Default.png */ = {isa = PBXFileReference; lastKnownFileType = image.png; path = Default.png; sourceTree = "<group>"; };
		971B60AC17D6244B00576FFA /* Default@2x.png */ = {isa = PBXFileReference; lastKnownFileType = image.png; path = "Default@2x.png"; sourceTree = "<group>"; };
		971B60AD17D6244B00576FFA /* DPAppDelegate.h */ = {isa = PBXFileReference; fileEncoding = 4; lastKnownFileType = sourcecode.c.h; path = DPAppDelegate.h; sourceTree = "<group>"; };
		971B60AE17D6244B00576FFA /* DPAppDelegate.m */ = {isa = PBXFileReference; fileEncoding = 4; lastKnownFileType = sourcecode.c.objc; path = DPAppDelegate.m; sourceTree = "<group>"; };
		971B60AF17D6244B00576FFA /* DPContentViewController.h */ = {isa = PBXFileReference; fileEncoding = 4; lastKnownFileType = sourcecode.c.h; path = DPContentViewController.h; sourceTree = "<group>"; };
		971B60B017D6244B00576FFA /* DPContentViewController.m */ = {isa = PBXFileReference; fileEncoding = 4; lastKnownFileType = sourcecode.c.objc; path = DPContentViewController.m; sourceTree = "<group>"; };
		971B60B117D6244B00576FFA /* DPContentViewController.xib */ = {isa = PBXFileReference; fileEncoding = 4; lastKnownFileType = file.xib; path = DPContentViewController.xib; sourceTree = "<group>"; };
		971B60B217D6244B00576FFA /* DPControllersExample-Info.plist */ = {isa = PBXFileReference; fileEncoding = 4; lastKnownFileType = text.plist.xml; path = "DPControllersExample-Info.plist"; sourceTree = "<group>"; };
		974BF77C1795A68300391886 /* DPControllers Example.app */ = {isa = PBXFileReference; explicitFileType = wrapper.application; includeInIndex = 0; path = "DPControllers Example.app"; sourceTree = BUILT_PRODUCTS_DIR; };
		974BF77F1795A68300391886 /* UIKit.framework */ = {isa = PBXFileReference; lastKnownFileType = wrapper.framework; name = UIKit.framework; path = System/Library/Frameworks/UIKit.framework; sourceTree = SDKROOT; };
		974BF7811795A68300391886 /* Foundation.framework */ = {isa = PBXFileReference; lastKnownFileType = wrapper.framework; name = Foundation.framework; path = System/Library/Frameworks/Foundation.framework; sourceTree = SDKROOT; };
		974BF7831795A68300391886 /* CoreGraphics.framework */ = {isa = PBXFileReference; lastKnownFileType = wrapper.framework; name = CoreGraphics.framework; path = System/Library/Frameworks/CoreGraphics.framework; sourceTree = SDKROOT; };
		974BF7891795A68300391886 /* en */ = {isa = PBXFileReference; lastKnownFileType = text.plist.strings; name = en; path = en.lproj/InfoPlist.strings; sourceTree = "<group>"; };
		974BF78D1795A68300391886 /* DPControllers-Prefix.pch */ = {isa = PBXFileReference; lastKnownFileType = sourcecode.c.h; path = "DPControllers-Prefix.pch"; sourceTree = "<group>"; };
		97AA754E179D8E5C00AFC87E /* main.m */ = {isa = PBXFileReference; fileEncoding = 4; lastKnownFileType = sourcecode.c.objc; path = main.m; sourceTree = SOURCE_ROOT; };
/* End PBXFileReference section */

/* Begin PBXFrameworksBuildPhase section */
		971B607C17D61EFD00576FFA /* Frameworks */ = {
			isa = PBXFrameworksBuildPhase;
			buildActionMask = 2147483647;
			files = (
				971B609917D61FC400576FFA /* CoreGraphics.framework in Frameworks */,
				971B609817D61FAF00576FFA /* QuartzCore.framework in Frameworks */,
				971B609617D61FA600576FFA /* UIKit.framework in Frameworks */,
				971B608017D61EFE00576FFA /* Foundation.framework in Frameworks */,
			);
			runOnlyForDeploymentPostprocessing = 0;
		};
		974BF7791795A68300391886 /* Frameworks */ = {
			isa = PBXFrameworksBuildPhase;
			buildActionMask = 2147483647;
			files = (
				971B60A217D6229900576FFA /* libDPControllers.a in Frameworks */,
				974BF7801795A68300391886 /* UIKit.framework in Frameworks */,
				974BF7821795A68300391886 /* Foundation.framework in Frameworks */,
				974BF7841795A68300391886 /* CoreGraphics.framework in Frameworks */,
			);
			runOnlyForDeploymentPostprocessing = 0;
		};
/* End PBXFrameworksBuildPhase section */

/* Begin PBXGroup section */
		971B606017D61CD600576FFA /* Utils */ = {
			isa = PBXGroup;
			children = (
				971B606117D61CD700576FFA /* NSString+UI.h */,
				971B606217D61CD700576FFA /* NSString+UI.m */,
				971B606317D61CD700576FFA /* UIColor+GradientOffset.h */,
				971B606417D61CD700576FFA /* UIColor+GradientOffset.m */,
			);
			path = Utils;
			sourceTree = "<group>";
		};
		971B606517D61CD700576FFA /* Controllers */ = {
			isa = PBXGroup;
			children = (
				971B606617D61CD700576FFA /* DPSwipeViewController.h */,
				971B606717D61CD700576FFA /* DPSwipeViewController.m */,
			);
			path = Controllers;
			sourceTree = "<group>";
		};
		971B606C17D61CD700576FFA /* Views */ = {
			isa = PBXGroup;
			children = (
				971B606D17D61CD700576FFA /* DPNiftyProgressBar.h */,
				971B606E17D61CD700576FFA /* DPNiftyProgressBar.m */,
				971B606F17D61CD700576FFA /* DPScrollableView.h */,
				971B607017D61CD700576FFA /* DPScrollableView.m */,
				971B607117D61CD700576FFA /* DPScrollableViewCell.h */,
				971B607217D61CD700576FFA /* DPScrollableViewCell.m */,
			);
			path = Views;
			sourceTree = "<group>";
		};
		971B608217D61EFE00576FFA /* Supporting Files */ = {
			isa = PBXGroup;
			children = (
				971B608317D61EFE00576FFA /* DPControllers-Prefix.pch */,
			);
			name = "Supporting Files";
			sourceTree = "<group>";
		};
		971B60A917D6244B00576FFA /* DPControllersExample */ = {
			isa = PBXGroup;
			children = (
				971B60AA17D6244B00576FFA /* Default-568h@2x.png */,
				971B60AB17D6244B00576FFA /* Default.png */,
				971B60AC17D6244B00576FFA /* Default@2x.png */,
				971B60AD17D6244B00576FFA /* DPAppDelegate.h */,
				971B60AE17D6244B00576FFA /* DPAppDelegate.m */,
				971B60AF17D6244B00576FFA /* DPContentViewController.h */,
				971B60B017D6244B00576FFA /* DPContentViewController.m */,
				971B60B117D6244B00576FFA /* DPContentViewController.xib */,
				971B60B217D6244B00576FFA /* DPControllersExample-Info.plist */,
				974BF7861795A68300391886 /* Supporting Files */,
			);
			path = DPControllersExample;
			sourceTree = "<group>";
		};
		974BF7731795A68200391886 = {
			isa = PBXGroup;
			children = (
				971B609717D61FAF00576FFA /* QuartzCore.framework */,
				971B605E17D61BAF00576FFA /* README.md */,
				971B605C17D61ACD00576FFA /* DPControllers.podspec */,
				971B60A917D6244B00576FFA /* DPControllersExample */,
				974BF7851795A68300391886 /* DPControllers */,
				974BF77E1795A68300391886 /* Frameworks */,
				974BF77D1795A68300391886 /* Products */,
			);
			sourceTree = "<group>";
		};
		974BF77D1795A68300391886 /* Products */ = {
			isa = PBXGroup;
			children = (
				974BF77C1795A68300391886 /* DPControllers Example.app */,
				971B607F17D61EFD00576FFA /* libDPControllers.a */,
			);
			name = Products;
			sourceTree = "<group>";
		};
		974BF77E1795A68300391886 /* Frameworks */ = {
			isa = PBXGroup;
			children = (
				974BF77F1795A68300391886 /* UIKit.framework */,
				974BF7811795A68300391886 /* Foundation.framework */,
				974BF7831795A68300391886 /* CoreGraphics.framework */,
			);
			name = Frameworks;
			sourceTree = "<group>";
		};
		974BF7851795A68300391886 /* DPControllers */ = {
			isa = PBXGroup;
			children = (
				971B606017D61CD600576FFA /* Utils */,
				971B606517D61CD700576FFA /* Controllers */,
				971B606C17D61CD700576FFA /* Views */,
				971B608417D61EFE00576FFA /* DPControllers.h */,
				971B608217D61EFE00576FFA /* Supporting Files */,
			);
			path = DPControllers;
			sourceTree = "<group>";
		};
		974BF7861795A68300391886 /* Supporting Files */ = {
			isa = PBXGroup;
			children = (
				97AA754E179D8E5C00AFC87E /* main.m */,
				974BF7881795A68300391886 /* InfoPlist.strings */,
				974BF78D1795A68300391886 /* DPControllers-Prefix.pch */,
			);
			name = "Supporting Files";
			path = ../DPControllers;
			sourceTree = "<group>";
		};
/* End PBXGroup section */

/* Begin PBXNativeTarget section */
		971B607E17D61EFD00576FFA /* DPControllers */ = {
			isa = PBXNativeTarget;
			buildConfigurationList = 971B608817D61EFE00576FFA /* Build configuration list for PBXNativeTarget "DPControllers" */;
			buildPhases = (
				971B607B17D61EFD00576FFA /* Sources */,
				971B607C17D61EFD00576FFA /* Frameworks */,
				971B607D17D61EFD00576FFA /* CopyFiles */,
			);
			buildRules = (
			);
			dependencies = (
			);
			name = DPControllers;
			productName = DPControllers;
			productReference = 971B607F17D61EFD00576FFA /* libDPControllers.a */;
			productType = "com.apple.product-type.library.static";
		};
		974BF77B1795A68300391886 /* DPControllersExample */ = {
			isa = PBXNativeTarget;
			buildConfigurationList = 974BF7A21795A68300391886 /* Build configuration list for PBXNativeTarget "DPControllersExample" */;
			buildPhases = (
				974BF7781795A68300391886 /* Sources */,
				974BF7791795A68300391886 /* Frameworks */,
				974BF77A1795A68300391886 /* Resources */,
			);
			buildRules = (
			);
			dependencies = (
				971B60A117D6228C00576FFA /* PBXTargetDependency */,
			);
			name = DPControllersExample;
			productName = Slidey;
			productReference = 974BF77C1795A68300391886 /* DPControllers Example.app */;
			productType = "com.apple.product-type.application";
		};
/* End PBXNativeTarget section */

/* Begin PBXProject section */
		974BF7741795A68300391886 /* Project object */ = {
			isa = PBXProject;
			attributes = {
				CLASSPREFIX = DP;
				LastUpgradeCheck = 0460;
				ORGANIZATIONNAME = DP;
			};
			buildConfigurationList = 974BF7771795A68300391886 /* Build configuration list for PBXProject "DPControllers" */;
			compatibilityVersion = "Xcode 3.2";
			developmentRegion = English;
			hasScannedForEncodings = 0;
			knownRegions = (
				en,
			);
			mainGroup = 974BF7731795A68200391886;
			productRefGroup = 974BF77D1795A68300391886 /* Products */;
			projectDirPath = "";
			projectRoot = "";
			targets = (
				971B607E17D61EFD00576FFA /* DPControllers */,
				974BF77B1795A68300391886 /* DPControllersExample */,
			);
		};
/* End PBXProject section */

/* Begin PBXResourcesBuildPhase section */
		974BF77A1795A68300391886 /* Resources */ = {
			isa = PBXResourcesBuildPhase;
			buildActionMask = 2147483647;
			files = (
				974BF78A1795A68300391886 /* InfoPlist.strings in Resources */,
				971B60B317D6244B00576FFA /* Default-568h@2x.png in Resources */,
				971B60B417D6244B00576FFA /* Default.png in Resources */,
				971B60B517D6244B00576FFA /* Default@2x.png in Resources */,
				971B60B817D6244B00576FFA /* DPContentViewController.xib in Resources */,
				971B60B917D6244B00576FFA /* DPControllersExample-Info.plist in Resources */,
			);
			runOnlyForDeploymentPostprocessing = 0;
		};
/* End PBXResourcesBuildPhase section */

/* Begin PBXSourcesBuildPhase section */
		971B607B17D61EFD00576FFA /* Sources */ = {
			isa = PBXSourcesBuildPhase;
			buildActionMask = 2147483647;
			files = (
				971B609317D61F4F00576FFA /* DPNiftyProgressBar.m in Sources */,
				971B609417D61F4F00576FFA /* DPScrollableView.m in Sources */,
				971B609517D61F4F00576FFA /* DPScrollableViewCell.m in Sources */,
				971B608E17D61F4200576FFA /* NSString+UI.m in Sources */,
				971B609017D61F4200576FFA /* UIColor+GradientOffset.m in Sources */,
				971B609217D61F4200576FFA /* DPSwipeViewController.m in Sources */,
			);
			runOnlyForDeploymentPostprocessing = 0;
		};
		974BF7781795A68300391886 /* Sources */ = {
			isa = PBXSourcesBuildPhase;
			buildActionMask = 2147483647;
			files = (
				97AA754F179D8E5C00AFC87E /* main.m in Sources */,
				971B60B617D6244B00576FFA /* DPAppDelegate.m in Sources */,
				971B60B717D6244B00576FFA /* DPContentViewController.m in Sources */,
			);
			runOnlyForDeploymentPostprocessing = 0;
		};
/* End PBXSourcesBuildPhase section */

/* Begin PBXTargetDependency section */
		971B60A117D6228C00576FFA /* PBXTargetDependency */ = {
			isa = PBXTargetDependency;
			target = 971B607E17D61EFD00576FFA /* DPControllers */;
			targetProxy = 971B60A017D6228C00576FFA /* PBXContainerItemProxy */;
		};
/* End PBXTargetDependency section */

/* Begin PBXVariantGroup section */
		974BF7881795A68300391886 /* InfoPlist.strings */ = {
			isa = PBXVariantGroup;
			children = (
				974BF7891795A68300391886 /* en */,
			);
			name = InfoPlist.strings;
			sourceTree = "<group>";
		};
/* End PBXVariantGroup section */

/* Begin XCBuildConfiguration section */
		971B608917D61EFE00576FFA /* Debug */ = {
			isa = XCBuildConfiguration;
			buildSettings = {
				DSTROOT = /tmp/DPControllers.dst;
				GCC_PRECOMPILE_PREFIX_HEADER = YES;
				GCC_PREFIX_HEADER = "DPControllers/DPControllers-Prefix.pch";
				IPHONEOS_DEPLOYMENT_TARGET = 5.0;
				OTHER_LDFLAGS = (
					"-ObjC",
					"-all_load",
				);
				PRODUCT_NAME = "$(TARGET_NAME)";
				SKIP_INSTALL = YES;
			};
			name = Debug;
		};
		971B608A17D61EFE00576FFA /* Release */ = {
			isa = XCBuildConfiguration;
			buildSettings = {
				DSTROOT = /tmp/DPControllers.dst;
				GCC_PRECOMPILE_PREFIX_HEADER = YES;
				GCC_PREFIX_HEADER = "DPControllers/DPControllers-Prefix.pch";
				IPHONEOS_DEPLOYMENT_TARGET = 5.0;
				OTHER_LDFLAGS = (
					"-ObjC",
					"-all_load",
				);
				PRODUCT_NAME = "$(TARGET_NAME)";
				SKIP_INSTALL = YES;
			};
			name = Release;
		};
		974BF7A01795A68300391886 /* Debug */ = {
			isa = XCBuildConfiguration;
			buildSettings = {
				ALWAYS_SEARCH_USER_PATHS = NO;
				CLANG_CXX_LANGUAGE_STANDARD = "gnu++0x";
				CLANG_CXX_LIBRARY = "libc++";
				CLANG_ENABLE_OBJC_ARC = YES;
				CLANG_WARN_CONSTANT_CONVERSION = YES;
				CLANG_WARN_EMPTY_BODY = YES;
				CLANG_WARN_ENUM_CONVERSION = YES;
				CLANG_WARN_INT_CONVERSION = YES;
				CLANG_WARN__DUPLICATE_METHOD_MATCH = YES;
				"CODE_SIGN_IDENTITY[sdk=iphoneos*]" = "iPhone Developer";
				COPY_PHASE_STRIP = NO;
				GCC_C_LANGUAGE_STANDARD = gnu99;
				GCC_DYNAMIC_NO_PIC = NO;
				GCC_OPTIMIZATION_LEVEL = 0;
				GCC_PREPROCESSOR_DEFINITIONS = (
					"DEBUG=1",
					"$(inherited)",
				);
				GCC_SYMBOLS_PRIVATE_EXTERN = NO;
				GCC_WARN_ABOUT_RETURN_TYPE = YES;
				GCC_WARN_UNINITIALIZED_AUTOS = YES;
				GCC_WARN_UNUSED_VARIABLE = YES;
				IPHONEOS_DEPLOYMENT_TARGET = 6.1;
				ONLY_ACTIVE_ARCH = YES;
				SDKROOT = iphoneos;
				TARGETED_DEVICE_FAMILY = "1,2";
			};
			name = Debug;
		};
		974BF7A11795A68300391886 /* Release */ = {
			isa = XCBuildConfiguration;
			buildSettings = {
				ALWAYS_SEARCH_USER_PATHS = NO;
				CLANG_CXX_LANGUAGE_STANDARD = "gnu++0x";
				CLANG_CXX_LIBRARY = "libc++";
				CLANG_ENABLE_OBJC_ARC = YES;
				CLANG_WARN_CONSTANT_CONVERSION = YES;
				CLANG_WARN_EMPTY_BODY = YES;
				CLANG_WARN_ENUM_CONVERSION = YES;
				CLANG_WARN_INT_CONVERSION = YES;
				CLANG_WARN__DUPLICATE_METHOD_MATCH = YES;
				"CODE_SIGN_IDENTITY[sdk=iphoneos*]" = "iPhone Developer";
				COPY_PHASE_STRIP = YES;
				GCC_C_LANGUAGE_STANDARD = gnu99;
				GCC_WARN_ABOUT_RETURN_TYPE = YES;
				GCC_WARN_UNINITIALIZED_AUTOS = YES;
				GCC_WARN_UNUSED_VARIABLE = YES;
				IPHONEOS_DEPLOYMENT_TARGET = 6.1;
				OTHER_CFLAGS = "-DNS_BLOCK_ASSERTIONS=1";
				SDKROOT = iphoneos;
				TARGETED_DEVICE_FAMILY = "1,2";
				VALIDATE_PRODUCT = YES;
			};
			name = Release;
		};
		974BF7A31795A68300391886 /* Debug */ = {
			isa = XCBuildConfiguration;
			buildSettings = {
				GCC_PRECOMPILE_PREFIX_HEADER = YES;
				GCC_PREFIX_HEADER = "DPControllers/DPControllers-Prefix.pch";
				INFOPLIST_FILE = "$(SRCROOT)/DPControllersExample/DPControllersExample-Info.plist";
				IPHONEOS_DEPLOYMENT_TARGET = 5.0;
				LIBRARY_SEARCH_PATHS = "$(SRCROOT)/Build/**";
				OTHER_LDFLAGS = (
					"-all_load",
					"-ObjC",
				);
				PRODUCT_NAME = "DPControllers Example";
				WRAPPER_EXTENSION = app;
			};
			name = Debug;
		};
		974BF7A41795A68300391886 /* Release */ = {
			isa = XCBuildConfiguration;
			buildSettings = {
				GCC_PRECOMPILE_PREFIX_HEADER = YES;
				GCC_PREFIX_HEADER = "DPControllers/DPControllers-Prefix.pch";
				INFOPLIST_FILE = "$(SRCROOT)/DPControllersExample/DPControllersExample-Info.plist";
				IPHONEOS_DEPLOYMENT_TARGET = 5.0;
				LIBRARY_SEARCH_PATHS = "$(SRCROOT)/Build/**";
				OTHER_LDFLAGS = (
					"-all_load",
					"-ObjC",
				);
				PRODUCT_NAME = "DPControllers Example";
				WRAPPER_EXTENSION = app;
			};
			name = Release;
		};
/* End XCBuildConfiguration section */

/* Begin XCConfigurationList section */
		971B608817D61EFE00576FFA /* Build configuration list for PBXNativeTarget "DPControllers" */ = {
			isa = XCConfigurationList;
			buildConfigurations = (
				971B608917D61EFE00576FFA /* Debug */,
				971B608A17D61EFE00576FFA /* Release */,
			);
			defaultConfigurationIsVisible = 0;
		};
		974BF7771795A68300391886 /* Build configuration list for PBXProject "DPControllers" */ = {
			isa = XCConfigurationList;
			buildConfigurations = (
				974BF7A01795A68300391886 /* Debug */,
				974BF7A11795A68300391886 /* Release */,
			);
			defaultConfigurationIsVisible = 0;
			defaultConfigurationName = Release;
		};
		974BF7A21795A68300391886 /* Build configuration list for PBXNativeTarget "DPControllersExample" */ = {
			isa = XCConfigurationList;
			buildConfigurations = (
				974BF7A31795A68300391886 /* Debug */,
				974BF7A41795A68300391886 /* Release */,
			);
			defaultConfigurationIsVisible = 0;
			defaultConfigurationName = Release;
		};
/* End XCConfigurationList section */
	};
	rootObject = 974BF7741795A68300391886 /* Project object */;
}
