// !$*UTF8*$!
{
	archiveVersion = 1;
	classes = {
	};
	objectVersion = 46;
	objects = {

/* Begin PBXBuildFile section */
		974BF7801795A68300391886 /* UIKit.framework in Frameworks */ = {isa = PBXBuildFile; fileRef = 974BF77F1795A68300391886 /* UIKit.framework */; };
		974BF7821795A68300391886 /* Foundation.framework in Frameworks */ = {isa = PBXBuildFile; fileRef = 974BF7811795A68300391886 /* Foundation.framework */; };
		974BF7841795A68300391886 /* CoreGraphics.framework in Frameworks */ = {isa = PBXBuildFile; fileRef = 974BF7831795A68300391886 /* CoreGraphics.framework */; };
		974BF78A1795A68300391886 /* InfoPlist.strings in Resources */ = {isa = PBXBuildFile; fileRef = 974BF7881795A68300391886 /* InfoPlist.strings */; };
		974BF78C1795A68300391886 /* main.m in Sources */ = {isa = PBXBuildFile; fileRef = 974BF78B1795A68300391886 /* main.m */; };
		974BF7901795A68300391886 /* DPAppDelegate.m in Sources */ = {isa = PBXBuildFile; fileRef = 974BF78F1795A68300391886 /* DPAppDelegate.m */; };
		974BF7921795A68300391886 /* Default.png in Resources */ = {isa = PBXBuildFile; fileRef = 974BF7911795A68300391886 /* Default.png */; };
		974BF7941795A68300391886 /* Default@2x.png in Resources */ = {isa = PBXBuildFile; fileRef = 974BF7931795A68300391886 /* Default@2x.png */; };
		974BF7961795A68300391886 /* Default-568h@2x.png in Resources */ = {isa = PBXBuildFile; fileRef = 974BF7951795A68300391886 /* Default-568h@2x.png */; };
		974BF7991795A68300391886 /* DPSlideyViewController.m in Sources */ = {isa = PBXBuildFile; fileRef = 974BF7981795A68300391886 /* DPSlideyViewController.m */; };
		974BF7A81795AA2500391886 /* DPContentViewController.m in Sources */ = {isa = PBXBuildFile; fileRef = 974BF7A61795AA2400391886 /* DPContentViewController.m */; };
		974BF7A91795AA2500391886 /* DPContentViewController.xib in Resources */ = {isa = PBXBuildFile; fileRef = 974BF7A71795AA2400391886 /* DPContentViewController.xib */; };
		9753874F1796C699002581B1 /* DPScrollableView.m in Sources */ = {isa = PBXBuildFile; fileRef = 9753874C1796C699002581B1 /* DPScrollableView.m */; };
		975387501796C699002581B1 /* DPScrollableViewCell.m in Sources */ = {isa = PBXBuildFile; fileRef = 9753874E1796C699002581B1 /* DPScrollableViewCell.m */; };
		975387531796C704002581B1 /* NSString+UI.m in Sources */ = {isa = PBXBuildFile; fileRef = 975387521796C704002581B1 /* NSString+UI.m */; };
		97AA7548179D337400AFC87E /* DPNiftyProgressBar.m in Sources */ = {isa = PBXBuildFile; fileRef = 97AA7547179D337400AFC87E /* DPNiftyProgressBar.m */; };
		97AA754B179D414B00AFC87E /* UIColor+GradientOffset.m in Sources */ = {isa = PBXBuildFile; fileRef = 97AA754A179D414B00AFC87E /* UIColor+GradientOffset.m */; };
/* End PBXBuildFile section */

/* Begin PBXFileReference section */
		974BF77C1795A68300391886 /* Slidey.app */ = {isa = PBXFileReference; explicitFileType = wrapper.application; includeInIndex = 0; path = Slidey.app; sourceTree = BUILT_PRODUCTS_DIR; };
		974BF77F1795A68300391886 /* UIKit.framework */ = {isa = PBXFileReference; lastKnownFileType = wrapper.framework; name = UIKit.framework; path = System/Library/Frameworks/UIKit.framework; sourceTree = SDKROOT; };
		974BF7811795A68300391886 /* Foundation.framework */ = {isa = PBXFileReference; lastKnownFileType = wrapper.framework; name = Foundation.framework; path = System/Library/Frameworks/Foundation.framework; sourceTree = SDKROOT; };
		974BF7831795A68300391886 /* CoreGraphics.framework */ = {isa = PBXFileReference; lastKnownFileType = wrapper.framework; name = CoreGraphics.framework; path = System/Library/Frameworks/CoreGraphics.framework; sourceTree = SDKROOT; };
		974BF7871795A68300391886 /* Slidey-Info.plist */ = {isa = PBXFileReference; lastKnownFileType = text.plist.xml; path = "Slidey-Info.plist"; sourceTree = "<group>"; };
		974BF7891795A68300391886 /* en */ = {isa = PBXFileReference; lastKnownFileType = text.plist.strings; name = en; path = en.lproj/InfoPlist.strings; sourceTree = "<group>"; };
		974BF78B1795A68300391886 /* main.m */ = {isa = PBXFileReference; lastKnownFileType = sourcecode.c.objc; path = main.m; sourceTree = "<group>"; };
		974BF78D1795A68300391886 /* Slidey-Prefix.pch */ = {isa = PBXFileReference; lastKnownFileType = sourcecode.c.h; path = "Slidey-Prefix.pch"; sourceTree = "<group>"; };
		974BF78E1795A68300391886 /* DPAppDelegate.h */ = {isa = PBXFileReference; lastKnownFileType = sourcecode.c.h; path = DPAppDelegate.h; sourceTree = "<group>"; };
		974BF78F1795A68300391886 /* DPAppDelegate.m */ = {isa = PBXFileReference; lastKnownFileType = sourcecode.c.objc; path = DPAppDelegate.m; sourceTree = "<group>"; };
		974BF7911795A68300391886 /* Default.png */ = {isa = PBXFileReference; lastKnownFileType = image.png; path = Default.png; sourceTree = "<group>"; };
		974BF7931795A68300391886 /* Default@2x.png */ = {isa = PBXFileReference; lastKnownFileType = image.png; path = "Default@2x.png"; sourceTree = "<group>"; };
		974BF7951795A68300391886 /* Default-568h@2x.png */ = {isa = PBXFileReference; lastKnownFileType = image.png; path = "Default-568h@2x.png"; sourceTree = "<group>"; };
		974BF7971795A68300391886 /* DPSlideyViewController.h */ = {isa = PBXFileReference; lastKnownFileType = sourcecode.c.h; path = DPSlideyViewController.h; sourceTree = "<group>"; };
		974BF7981795A68300391886 /* DPSlideyViewController.m */ = {isa = PBXFileReference; lastKnownFileType = sourcecode.c.objc; path = DPSlideyViewController.m; sourceTree = "<group>"; };
		974BF7A51795AA2400391886 /* DPContentViewController.h */ = {isa = PBXFileReference; fileEncoding = 4; lastKnownFileType = sourcecode.c.h; path = DPContentViewController.h; sourceTree = "<group>"; };
		974BF7A61795AA2400391886 /* DPContentViewController.m */ = {isa = PBXFileReference; fileEncoding = 4; lastKnownFileType = sourcecode.c.objc; path = DPContentViewController.m; sourceTree = "<group>"; };
		974BF7A71795AA2400391886 /* DPContentViewController.xib */ = {isa = PBXFileReference; fileEncoding = 4; lastKnownFileType = file.xib; path = DPContentViewController.xib; sourceTree = "<group>"; };
		9753874B1796C699002581B1 /* DPScrollableView.h */ = {isa = PBXFileReference; fileEncoding = 4; lastKnownFileType = sourcecode.c.h; path = DPScrollableView.h; sourceTree = "<group>"; };
		9753874C1796C699002581B1 /* DPScrollableView.m */ = {isa = PBXFileReference; fileEncoding = 4; lastKnownFileType = sourcecode.c.objc; path = DPScrollableView.m; sourceTree = "<group>"; };
		9753874D1796C699002581B1 /* DPScrollableViewCell.h */ = {isa = PBXFileReference; fileEncoding = 4; lastKnownFileType = sourcecode.c.h; path = DPScrollableViewCell.h; sourceTree = "<group>"; };
		9753874E1796C699002581B1 /* DPScrollableViewCell.m */ = {isa = PBXFileReference; fileEncoding = 4; lastKnownFileType = sourcecode.c.objc; path = DPScrollableViewCell.m; sourceTree = "<group>"; };
		975387511796C704002581B1 /* NSString+UI.h */ = {isa = PBXFileReference; fileEncoding = 4; lastKnownFileType = sourcecode.c.h; path = "NSString+UI.h"; sourceTree = "<group>"; };
		975387521796C704002581B1 /* NSString+UI.m */ = {isa = PBXFileReference; fileEncoding = 4; lastKnownFileType = sourcecode.c.objc; path = "NSString+UI.m"; sourceTree = "<group>"; };
		97AA7546179D337400AFC87E /* DPNiftyProgressBar.h */ = {isa = PBXFileReference; fileEncoding = 4; lastKnownFileType = sourcecode.c.h; path = DPNiftyProgressBar.h; sourceTree = "<group>"; };
		97AA7547179D337400AFC87E /* DPNiftyProgressBar.m */ = {isa = PBXFileReference; fileEncoding = 4; lastKnownFileType = sourcecode.c.objc; path = DPNiftyProgressBar.m; sourceTree = "<group>"; };
		97AA7549179D414B00AFC87E /* UIColor+GradientOffset.h */ = {isa = PBXFileReference; fileEncoding = 4; lastKnownFileType = sourcecode.c.h; path = "UIColor+GradientOffset.h"; sourceTree = "<group>"; };
		97AA754A179D414B00AFC87E /* UIColor+GradientOffset.m */ = {isa = PBXFileReference; fileEncoding = 4; lastKnownFileType = sourcecode.c.objc; path = "UIColor+GradientOffset.m"; sourceTree = "<group>"; };
/* End PBXFileReference section */

/* Begin PBXFrameworksBuildPhase section */
		974BF7791795A68300391886 /* Frameworks */ = {
			isa = PBXFrameworksBuildPhase;
			buildActionMask = 2147483647;
			files = (
				974BF7801795A68300391886 /* UIKit.framework in Frameworks */,
				974BF7821795A68300391886 /* Foundation.framework in Frameworks */,
				974BF7841795A68300391886 /* CoreGraphics.framework in Frameworks */,
			);
			runOnlyForDeploymentPostprocessing = 0;
		};
/* End PBXFrameworksBuildPhase section */

/* Begin PBXGroup section */
		974BF7731795A68200391886 = {
			isa = PBXGroup;
			children = (
				974BF7851795A68300391886 /* Slidey */,
				974BF77E1795A68300391886 /* Frameworks */,
				974BF77D1795A68300391886 /* Products */,
			);
			sourceTree = "<group>";
		};
		974BF77D1795A68300391886 /* Products */ = {
			isa = PBXGroup;
			children = (
				974BF77C1795A68300391886 /* Slidey.app */,
			);
			name = Products;
			sourceTree = "<group>";
		};
		974BF77E1795A68300391886 /* Frameworks */ = {
			isa = PBXGroup;
			children = (
				974BF77F1795A68300391886 /* UIKit.framework */,
				974BF7811795A68300391886 /* Foundation.framework */,
				974BF7831795A68300391886 /* CoreGraphics.framework */,
			);
			name = Frameworks;
			sourceTree = "<group>";
		};
		974BF7851795A68300391886 /* Slidey */ = {
			isa = PBXGroup;
			children = (
				975387511796C704002581B1 /* NSString+UI.h */,
				975387521796C704002581B1 /* NSString+UI.m */,
				9753874B1796C699002581B1 /* DPScrollableView.h */,
				9753874C1796C699002581B1 /* DPScrollableView.m */,
				9753874D1796C699002581B1 /* DPScrollableViewCell.h */,
				9753874E1796C699002581B1 /* DPScrollableViewCell.m */,
				974BF78E1795A68300391886 /* DPAppDelegate.h */,
				974BF78F1795A68300391886 /* DPAppDelegate.m */,
				974BF7971795A68300391886 /* DPSlideyViewController.h */,
				974BF7981795A68300391886 /* DPSlideyViewController.m */,
				974BF7A51795AA2400391886 /* DPContentViewController.h */,
				974BF7A61795AA2400391886 /* DPContentViewController.m */,
				974BF7A71795AA2400391886 /* DPContentViewController.xib */,
				974BF7861795A68300391886 /* Supporting Files */,
				97AA7546179D337400AFC87E /* DPNiftyProgressBar.h */,
				97AA7547179D337400AFC87E /* DPNiftyProgressBar.m */,
				97AA7549179D414B00AFC87E /* UIColor+GradientOffset.h */,
				97AA754A179D414B00AFC87E /* UIColor+GradientOffset.m */,
			);
			path = Slidey;
			sourceTree = "<group>";
		};
		974BF7861795A68300391886 /* Supporting Files */ = {
			isa = PBXGroup;
			children = (
				974BF7871795A68300391886 /* Slidey-Info.plist */,
				974BF7881795A68300391886 /* InfoPlist.strings */,
				974BF78B1795A68300391886 /* main.m */,
				974BF78D1795A68300391886 /* Slidey-Prefix.pch */,
				974BF7911795A68300391886 /* Default.png */,
				974BF7931795A68300391886 /* Default@2x.png */,
				974BF7951795A68300391886 /* Default-568h@2x.png */,
			);
			name = "Supporting Files";
			sourceTree = "<group>";
		};
/* End PBXGroup section */

/* Begin PBXNativeTarget section */
		974BF77B1795A68300391886 /* Slidey */ = {
			isa = PBXNativeTarget;
			buildConfigurationList = 974BF7A21795A68300391886 /* Build configuration list for PBXNativeTarget "Slidey" */;
			buildPhases = (
				974BF7781795A68300391886 /* Sources */,
				974BF7791795A68300391886 /* Frameworks */,
				974BF77A1795A68300391886 /* Resources */,
			);
			buildRules = (
			);
			dependencies = (
			);
			name = Slidey;
			productName = Slidey;
			productReference = 974BF77C1795A68300391886 /* Slidey.app */;
			productType = "com.apple.product-type.application";
		};
/* End PBXNativeTarget section */

/* Begin PBXProject section */
		974BF7741795A68300391886 /* Project object */ = {
			isa = PBXProject;
			attributes = {
				CLASSPREFIX = DP;
				LastUpgradeCheck = 0460;
				ORGANIZATIONNAME = DP;
			};
			buildConfigurationList = 974BF7771795A68300391886 /* Build configuration list for PBXProject "Slidey" */;
			compatibilityVersion = "Xcode 3.2";
			developmentRegion = English;
			hasScannedForEncodings = 0;
			knownRegions = (
				en,
			);
			mainGroup = 974BF7731795A68200391886;
			productRefGroup = 974BF77D1795A68300391886 /* Products */;
			projectDirPath = "";
			projectRoot = "";
			targets = (
				974BF77B1795A68300391886 /* Slidey */,
			);
		};
/* End PBXProject section */

/* Begin PBXResourcesBuildPhase section */
		974BF77A1795A68300391886 /* Resources */ = {
			isa = PBXResourcesBuildPhase;
			buildActionMask = 2147483647;
			files = (
				974BF78A1795A68300391886 /* InfoPlist.strings in Resources */,
				974BF7921795A68300391886 /* Default.png in Resources */,
				974BF7941795A68300391886 /* Default@2x.png in Resources */,
				974BF7961795A68300391886 /* Default-568h@2x.png in Resources */,
				974BF7A91795AA2500391886 /* DPContentViewController.xib in Resources */,
			);
			runOnlyForDeploymentPostprocessing = 0;
		};
/* End PBXResourcesBuildPhase section */

/* Begin PBXSourcesBuildPhase section */
		974BF7781795A68300391886 /* Sources */ = {
			isa = PBXSourcesBuildPhase;
			buildActionMask = 2147483647;
			files = (
				974BF78C1795A68300391886 /* main.m in Sources */,
				974BF7901795A68300391886 /* DPAppDelegate.m in Sources */,
				974BF7991795A68300391886 /* DPSlideyViewController.m in Sources */,
				974BF7A81795AA2500391886 /* DPContentViewController.m in Sources */,
				9753874F1796C699002581B1 /* DPScrollableView.m in Sources */,
				975387501796C699002581B1 /* DPScrollableViewCell.m in Sources */,
				975387531796C704002581B1 /* NSString+UI.m in Sources */,
				97AA7548179D337400AFC87E /* DPNiftyProgressBar.m in Sources */,
				97AA754B179D414B00AFC87E /* UIColor+GradientOffset.m in Sources */,
			);
			runOnlyForDeploymentPostprocessing = 0;
		};
/* End PBXSourcesBuildPhase section */

/* Begin PBXVariantGroup section */
		974BF7881795A68300391886 /* InfoPlist.strings */ = {
			isa = PBXVariantGroup;
			children = (
				974BF7891795A68300391886 /* en */,
			);
			name = InfoPlist.strings;
			sourceTree = "<group>";
		};
/* End PBXVariantGroup section */

/* Begin XCBuildConfiguration section */
		974BF7A01795A68300391886 /* Debug */ = {
			isa = XCBuildConfiguration;
			buildSettings = {
				ALWAYS_SEARCH_USER_PATHS = NO;
				CLANG_CXX_LANGUAGE_STANDARD = "gnu++0x";
				CLANG_CXX_LIBRARY = "libc++";
				CLANG_ENABLE_OBJC_ARC = YES;
				CLANG_WARN_CONSTANT_CONVERSION = YES;
				CLANG_WARN_EMPTY_BODY = YES;
				CLANG_WARN_ENUM_CONVERSION = YES;
				CLANG_WARN_INT_CONVERSION = YES;
				CLANG_WARN__DUPLICATE_METHOD_MATCH = YES;
				"CODE_SIGN_IDENTITY[sdk=iphoneos*]" = "iPhone Developer";
				COPY_PHASE_STRIP = NO;
				GCC_C_LANGUAGE_STANDARD = gnu99;
				GCC_DYNAMIC_NO_PIC = NO;
				GCC_OPTIMIZATION_LEVEL = 0;
				GCC_PREPROCESSOR_DEFINITIONS = (
					"DEBUG=1",
					"$(inherited)",
				);
				GCC_SYMBOLS_PRIVATE_EXTERN = NO;
				GCC_WARN_ABOUT_RETURN_TYPE = YES;
				GCC_WARN_UNINITIALIZED_AUTOS = YES;
				GCC_WARN_UNUSED_VARIABLE = YES;
				IPHONEOS_DEPLOYMENT_TARGET = 6.1;
				ONLY_ACTIVE_ARCH = YES;
				SDKROOT = iphoneos;
				TARGETED_DEVICE_FAMILY = "1,2";
			};
			name = Debug;
		};
		974BF7A11795A68300391886 /* Release */ = {
			isa = XCBuildConfiguration;
			buildSettings = {
				ALWAYS_SEARCH_USER_PATHS = NO;
				CLANG_CXX_LANGUAGE_STANDARD = "gnu++0x";
				CLANG_CXX_LIBRARY = "libc++";
				CLANG_ENABLE_OBJC_ARC = YES;
				CLANG_WARN_CONSTANT_CONVERSION = YES;
				CLANG_WARN_EMPTY_BODY = YES;
				CLANG_WARN_ENUM_CONVERSION = YES;
				CLANG_WARN_INT_CONVERSION = YES;
				CLANG_WARN__DUPLICATE_METHOD_MATCH = YES;
				"CODE_SIGN_IDENTITY[sdk=iphoneos*]" = "iPhone Developer";
				COPY_PHASE_STRIP = YES;
				GCC_C_LANGUAGE_STANDARD = gnu99;
				GCC_WARN_ABOUT_RETURN_TYPE = YES;
				GCC_WARN_UNINITIALIZED_AUTOS = YES;
				GCC_WARN_UNUSED_VARIABLE = YES;
				IPHONEOS_DEPLOYMENT_TARGET = 6.1;
				OTHER_CFLAGS = "-DNS_BLOCK_ASSERTIONS=1";
				SDKROOT = iphoneos;
				TARGETED_DEVICE_FAMILY = "1,2";
				VALIDATE_PRODUCT = YES;
			};
			name = Release;
		};
		974BF7A31795A68300391886 /* Debug */ = {
			isa = XCBuildConfiguration;
			buildSettings = {
				GCC_PRECOMPILE_PREFIX_HEADER = YES;
				GCC_PREFIX_HEADER = "Slidey/Slidey-Prefix.pch";
				INFOPLIST_FILE = "Slidey/Slidey-Info.plist";
				IPHONEOS_DEPLOYMENT_TARGET = 5.0;
				PRODUCT_NAME = "$(TARGET_NAME)";
				WRAPPER_EXTENSION = app;
			};
			name = Debug;
		};
		974BF7A41795A68300391886 /* Release */ = {
			isa = XCBuildConfiguration;
			buildSettings = {
				GCC_PRECOMPILE_PREFIX_HEADER = YES;
				GCC_PREFIX_HEADER = "Slidey/Slidey-Prefix.pch";
				INFOPLIST_FILE = "Slidey/Slidey-Info.plist";
				IPHONEOS_DEPLOYMENT_TARGET = 5.0;
				PRODUCT_NAME = "$(TARGET_NAME)";
				WRAPPER_EXTENSION = app;
			};
			name = Release;
		};
/* End XCBuildConfiguration section */

/* Begin XCConfigurationList section */
		974BF7771795A68300391886 /* Build configuration list for PBXProject "Slidey" */ = {
			isa = XCConfigurationList;
			buildConfigurations = (
				974BF7A01795A68300391886 /* Debug */,
				974BF7A11795A68300391886 /* Release */,
			);
			defaultConfigurationIsVisible = 0;
			defaultConfigurationName = Release;
		};
		974BF7A21795A68300391886 /* Build configuration list for PBXNativeTarget "Slidey" */ = {
			isa = XCConfigurationList;
			buildConfigurations = (
				974BF7A31795A68300391886 /* Debug */,
				974BF7A41795A68300391886 /* Release */,
			);
			defaultConfigurationIsVisible = 0;
			defaultConfigurationName = Release;
		};
/* End XCConfigurationList section */
	};
	rootObject = 974BF7741795A68300391886 /* Project object */;
}
